
Microsoft Visual Studio Solution File, Format Version 12.00
# Visual Studio Version 17
VisualStudioVersion = 17.14.36301.6 d17.14
MinimumVisualStudioVersion = 10.0.40219.1
Project("{F184B08F-C81C-45F6-A57F-5ABD9991F28F}") = "Analyse_Recursive", "Analyse_Recursive.vbproj", "{269C6150-D6F7-460F-835B-94DB3BD7D821}"
EndProject
Global
	GlobalSection(SolutionConfigurationPlatforms) = preSolution
		Debug|Any CPU = Debug|Any CPU
		Debug|x86 = Debug|x86
		Release|Any CPU = Release|Any CPU
		Release|x86 = Release|x86
	EndGlobalSection
	GlobalSection(ProjectConfigurationPlatforms) = postSolution
		{269C6150-D6F7-460F-835B-94DB3BD7D821}.Debug|Any CPU.ActiveCfg = Debug|Any CPU
		{269C6150-D6F7-460F-835B-94DB3BD7D821}.Debug|Any CPU.Build.0 = Debug|Any CPU
		{269C6150-D6F7-460F-835B-94DB3BD7D821}.Debug|x86.ActiveCfg = Debug|x86
		{269C6150-D6F7-460F-835B-94DB3BD7D821}.Debug|x86.Build.0 = Debug|x86
		{269C6150-D6F7-460F-835B-94DB3BD7D821}.Release|Any CPU.ActiveCfg = Release|Any CPU
		{269C6150-D6F7-460F-835B-94DB3BD7D821}.Release|Any CPU.Build.0 = Release|Any CPU
		{269C6150-D6F7-460F-835B-94DB3BD7D821}.Release|x86.ActiveCfg = Release|x86
		{269C6150-D6F7-460F-835B-94DB3BD7D821}.Release|x86.Build.0 = Release|x86
	EndGlobalSection
	GlobalSection(SolutionProperties) = preSolution
		HideSolutionNode = FALSE
	EndGlobalSection
	GlobalSection(ExtensibilityGlobals) = postSolution
		SolutionGuid = {10A9CB5E-3E7E-4DC3-AB05-60E3536F311F}
	EndGlobalSection
EndGlobal
